
Microsoft Visual Studio Solution File, Format Version 12.00
# Visual Studio Version 17
VisualStudioVersion = 17.7.34202.233
MinimumVisualStudioVersion = 10.0.40219.1
Project("{FAE04EC0-301F-11D3-BF4B-00C04F79EFBC}") = "IndexerTask", "IndexerTask\IndexerTask.csproj", "{342ADBBB-BD7D-4063-9BC3-AFBFA15F4680}"
EndProject
Global
	GlobalSection(SolutionConfigurationPlatforms) = preSolution
		Debug|Any CPU = Debug|Any CPU
		Release|Any CPU = Release|Any CPU
	EndGlobalSection
	GlobalSection(ProjectConfigurationPlatforms) = postSolution
		{342ADBBB-BD7D-4063-9BC3-AFBFA15F4680}.Debug|Any CPU.ActiveCfg = Debug|Any CPU
		{342ADBBB-BD7D-4063-9BC3-AFBFA15F4680}.Debug|Any CPU.Build.0 = Debug|Any CPU
		{342ADBBB-BD7D-4063-9BC3-AFBFA15F4680}.Release|Any CPU.ActiveCfg = Release|Any CPU
		{342ADBBB-BD7D-4063-9BC3-AFBFA15F4680}.Release|Any CPU.Build.0 = Release|Any CPU
	EndGlobalSection
	GlobalSection(SolutionProperties) = preSolution
		HideSolutionNode = FALSE
	EndGlobalSection
	GlobalSection(ExtensibilityGlobals) = postSolution
		SolutionGuid = {7A2B737D-80EE-44DD-BA9F-15A8F3303250}
	EndGlobalSection
EndGlobal
